
Microsoft Visual Studio Solution File, Format Version 12.00
# Visual Studio Version 17
VisualStudioVersion = 17.4.33122.133
MinimumVisualStudioVersion = 10.0.40219.1
Project("{FAE04EC0-301F-11D3-BF4B-00C04F79EFBC}") = "BetterReads.Api", "BetterReads\BetterReads.Api.csproj", "{C1993A95-B56D-4496-B957-ABDD4C551FC9}"
EndProject
Project("{FAE04EC0-301F-11D3-BF4B-00C04F79EFBC}") = "BetterReads.Data", "BetterReads.Data\BetterReads.Data.csproj", "{5CC40E6A-EDF2-46EA-A46D-FF85B35ED3A5}"
EndProject
Project("{FAE04EC0-301F-11D3-BF4B-00C04F79EFBC}") = "BetterReads.Api.Tests", "BetterReads.Api.Tests\BetterReads.Api.Tests.csproj", "{9EEFE7E0-7513-4F00-BD5C-8FBDFAC97483}"
EndProject
Global
	GlobalSection(SolutionConfigurationPlatforms) = preSolution
		Debug|Any CPU = Debug|Any CPU
		Release|Any CPU = Release|Any CPU
	EndGlobalSection
	GlobalSection(ProjectConfigurationPlatforms) = postSolution
		{C1993A95-B56D-4496-B957-ABDD4C551FC9}.Debug|Any CPU.ActiveCfg = Debug|Any CPU
		{C1993A95-B56D-4496-B957-ABDD4C551FC9}.Debug|Any CPU.Build.0 = Debug|Any CPU
		{C1993A95-B56D-4496-B957-ABDD4C551FC9}.Release|Any CPU.ActiveCfg = Release|Any CPU
		{C1993A95-B56D-4496-B957-ABDD4C551FC9}.Release|Any CPU.Build.0 = Release|Any CPU
		{5CC40E6A-EDF2-46EA-A46D-FF85B35ED3A5}.Debug|Any CPU.ActiveCfg = Debug|Any CPU
		{5CC40E6A-EDF2-46EA-A46D-FF85B35ED3A5}.Debug|Any CPU.Build.0 = Debug|Any CPU
		{5CC40E6A-EDF2-46EA-A46D-FF85B35ED3A5}.Release|Any CPU.ActiveCfg = Release|Any CPU
		{5CC40E6A-EDF2-46EA-A46D-FF85B35ED3A5}.Release|Any CPU.Build.0 = Release|Any CPU
		{9EEFE7E0-7513-4F00-BD5C-8FBDFAC97483}.Debug|Any CPU.ActiveCfg = Debug|Any CPU
		{9EEFE7E0-7513-4F00-BD5C-8FBDFAC97483}.Debug|Any CPU.Build.0 = Debug|Any CPU
		{9EEFE7E0-7513-4F00-BD5C-8FBDFAC97483}.Release|Any CPU.ActiveCfg = Release|Any CPU
		{9EEFE7E0-7513-4F00-BD5C-8FBDFAC97483}.Release|Any CPU.Build.0 = Release|Any CPU
	EndGlobalSection
	GlobalSection(SolutionProperties) = preSolution
		HideSolutionNode = FALSE
	EndGlobalSection
	GlobalSection(ExtensibilityGlobals) = postSolution
		SolutionGuid = {F102219E-7D88-43C3-9A72-5D1E5E65E42D}
	EndGlobalSection
EndGlobal
